
Microsoft Visual Studio Solution File, Format Version 12.00
# Visual Studio Version 17
VisualStudioVersion = 17.14.36127.28
MinimumVisualStudioVersion = 10.0.40219.1
Project("{FAE04EC0-301F-11D3-BF4B-00C04F79EFBC}") = "TaskManagementSystem.Web", "TaskManagementSystem.Web\TaskManagementSystem.Web.csproj", "{AFE45EAF-0D06-4E9C-B3E3-22DBDC47055D}"
EndProject
Project("{FAE04EC0-301F-11D3-BF4B-00C04F79EFBC}") = "TaskManagementSystem.Test", "TaskManagementSystem.Test\TaskManagementSystem.Test.csproj", "{AE9E91AE-37BD-40E6-A4F2-EB54F929B090}"
EndProject
Global
	GlobalSection(SolutionConfigurationPlatforms) = preSolution
		Debug|Any CPU = Debug|Any CPU
		Release|Any CPU = Release|Any CPU
	EndGlobalSection
	GlobalSection(ProjectConfigurationPlatforms) = postSolution
		{AFE45EAF-0D06-4E9C-B3E3-22DBDC47055D}.Debug|Any CPU.ActiveCfg = Debug|Any CPU
		{AFE45EAF-0D06-4E9C-B3E3-22DBDC47055D}.Debug|Any CPU.Build.0 = Debug|Any CPU
		{AFE45EAF-0D06-4E9C-B3E3-22DBDC47055D}.Release|Any CPU.ActiveCfg = Release|Any CPU
		{AFE45EAF-0D06-4E9C-B3E3-22DBDC47055D}.Release|Any CPU.Build.0 = Release|Any CPU
		{AE9E91AE-37BD-40E6-A4F2-EB54F929B090}.Debug|Any CPU.ActiveCfg = Debug|Any CPU
		{AE9E91AE-37BD-40E6-A4F2-EB54F929B090}.Debug|Any CPU.Build.0 = Debug|Any CPU
		{AE9E91AE-37BD-40E6-A4F2-EB54F929B090}.Release|Any CPU.ActiveCfg = Release|Any CPU
		{AE9E91AE-37BD-40E6-A4F2-EB54F929B090}.Release|Any CPU.Build.0 = Release|Any CPU
	EndGlobalSection
	GlobalSection(SolutionProperties) = preSolution
		HideSolutionNode = FALSE
	EndGlobalSection
	GlobalSection(ExtensibilityGlobals) = postSolution
		SolutionGuid = {D33B1FCD-F7AD-41E8-93A8-AA1A51A4A8E9}
	EndGlobalSection
EndGlobal
